
Microsoft Visual Studio Solution File, Format Version 12.00
# Visual Studio Version 16
VisualStudioVersion = 16.0.31624.102
MinimumVisualStudioVersion = 10.0.40219.1
Project("{FAE04EC0-301F-11D3-BF4B-00C04F79EFBC}") = "SE1511_Trung_0859", "SE1511_Trung_0859\SE1511_Trung_0859.csproj", "{5059351F-8BF7-479A-B38A-0D73E9495E8C}"
EndProject
Global
	GlobalSection(SolutionConfigurationPlatforms) = preSolution
		Debug|Any CPU = Debug|Any CPU
		Release|Any CPU = Release|Any CPU
	EndGlobalSection
	GlobalSection(ProjectConfigurationPlatforms) = postSolution
		{5059351F-8BF7-479A-B38A-0D73E9495E8C}.Debug|Any CPU.ActiveCfg = Debug|Any CPU
		{5059351F-8BF7-479A-B38A-0D73E9495E8C}.Debug|Any CPU.Build.0 = Debug|Any CPU
		{5059351F-8BF7-479A-B38A-0D73E9495E8C}.Release|Any CPU.ActiveCfg = Release|Any CPU
		{5059351F-8BF7-479A-B38A-0D73E9495E8C}.Release|Any CPU.Build.0 = Release|Any CPU
	EndGlobalSection
	GlobalSection(SolutionProperties) = preSolution
		HideSolutionNode = FALSE
	EndGlobalSection
	GlobalSection(ExtensibilityGlobals) = postSolution
		SolutionGuid = {DFA3ABC0-A3C3-468D-9E6E-893EBD2CBFA1}
	EndGlobalSection
EndGlobal
